// !$*UTF8*$!
{
	archiveVersion = 1;
	classes = {
	};
	objectVersion = 50;
	objects = {

/* Begin PBXBuildFile section */
		4C1A71D32520C1F2009E908A /* STAsynchronousOperation.m in Sources */ = {isa = PBXBuildFile; fileRef = 4C1A71D22520C1F2009E908A /* STAsynchronousOperation.m */; };
		4C483457251C81CC0053F949 /* AppDelegate.m in Sources */ = {isa = PBXBuildFile; fileRef = 4C483456251C81CC0053F949 /* AppDelegate.m */; };
		4C48345A251C81CC0053F949 /* SceneDelegate.m in Sources */ = {isa = PBXBuildFile; fileRef = 4C483459251C81CC0053F949 /* SceneDelegate.m */; };
		4C48345D251C81CC0053F949 /* ViewController.m in Sources */ = {isa = PBXBuildFile; fileRef = 4C48345C251C81CC0053F949 /* ViewController.m */; };
		4C483460251C81CC0053F949 /* Main.storyboard in Resources */ = {isa = PBXBuildFile; fileRef = 4C48345E251C81CC0053F949 /* Main.storyboard */; };
		4C483462251C81CE0053F949 /* Assets.xcassets in Resources */ = {isa = PBXBuildFile; fileRef = 4C483461251C81CE0053F949 /* Assets.xcassets */; };
		4C483465251C81CE0053F949 /* LaunchScreen.storyboard in Resources */ = {isa = PBXBuildFile; fileRef = 4C483463251C81CE0053F949 /* LaunchScreen.storyboard */; };
		4C483468251C81CE0053F949 /* main.m in Sources */ = {isa = PBXBuildFile; fileRef = 4C483467251C81CE0053F949 /* main.m */; };
/* End PBXBuildFile section */

/* Begin PBXFileReference section */
		4C1A71D12520C1F2009E908A /* STAsynchronousOperation.h */ = {isa = PBXFileReference; lastKnownFileType = sourcecode.c.h; path = STAsynchronousOperation.h; sourceTree = "<group>"; };
		4C1A71D22520C1F2009E908A /* STAsynchronousOperation.m */ = {isa = PBXFileReference; lastKnownFileType = sourcecode.c.objc; path = STAsynchronousOperation.m; sourceTree = "<group>"; };
		4C483452251C81CC0053F949 /* NSOperation.app */ = {isa = PBXFileReference; explicitFileType = wrapper.application; includeInIndex = 0; path = NSOperation.app; sourceTree = BUILT_PRODUCTS_DIR; };
		4C483455251C81CC0053F949 /* AppDelegate.h */ = {isa = PBXFileReference; lastKnownFileType = sourcecode.c.h; path = AppDelegate.h; sourceTree = "<group>"; };
		4C483456251C81CC0053F949 /* AppDelegate.m */ = {isa = PBXFileReference; lastKnownFileType = sourcecode.c.objc; path = AppDelegate.m; sourceTree = "<group>"; };
		4C483458251C81CC0053F949 /* SceneDelegate.h */ = {isa = PBXFileReference; lastKnownFileType = sourcecode.c.h; path = SceneDelegate.h; sourceTree = "<group>"; };
		4C483459251C81CC0053F949 /* SceneDelegate.m */ = {isa = PBXFileReference; lastKnownFileType = sourcecode.c.objc; path = SceneDelegate.m; sourceTree = "<group>"; };
		4C48345B251C81CC0053F949 /* ViewController.h */ = {isa = PBXFileReference; lastKnownFileType = sourcecode.c.h; path = ViewController.h; sourceTree = "<group>"; };
		4C48345C251C81CC0053F949 /* ViewController.m */ = {isa = PBXFileReference; lastKnownFileType = sourcecode.c.objc; path = ViewController.m; sourceTree = "<group>"; };
		4C48345F251C81CC0053F949 /* Base */ = {isa = PBXFileReference; lastKnownFileType = file.storyboard; name = Base; path = Base.lproj/Main.storyboard; sourceTree = "<group>"; };
		4C483461251C81CE0053F949 /* Assets.xcassets */ = {isa = PBXFileReference; lastKnownFileType = folder.assetcatalog; path = Assets.xcassets; sourceTree = "<group>"; };
		4C483464251C81CE0053F949 /* Base */ = {isa = PBXFileReference; lastKnownFileType = file.storyboard; name = Base; path = Base.lproj/LaunchScreen.storyboard; sourceTree = "<group>"; };
		4C483466251C81CE0053F949 /* Info.plist */ = {isa = PBXFileReference; lastKnownFileType = text.plist.xml; path = Info.plist; sourceTree = "<group>"; };
		4C483467251C81CE0053F949 /* main.m */ = {isa = PBXFileReference; lastKnownFileType = sourcecode.c.objc; path = main.m; sourceTree = "<group>"; };
/* End PBXFileReference section */

/* Begin PBXFrameworksBuildPhase section */
		4C48344F251C81CC0053F949 /* Frameworks */ = {
			isa = PBXFrameworksBuildPhase;
			buildActionMask = 2147483647;
			files = (
			);
			runOnlyForDeploymentPostprocessing = 0;
		};
/* End PBXFrameworksBuildPhase section */

/* Begin PBXGroup section */
		4C483449251C81CC0053F949 = {
			isa = PBXGroup;
			children = (
				4C483454251C81CC0053F949 /* NSOperation */,
				4C483453251C81CC0053F949 /* Products */,
			);
			sourceTree = "<group>";
		};
		4C483453251C81CC0053F949 /* Products */ = {
			isa = PBXGroup;
			children = (
				4C483452251C81CC0053F949 /* NSOperation.app */,
			);
			name = Products;
			sourceTree = "<group>";
		};
		4C483454251C81CC0053F949 /* NSOperation */ = {
			isa = PBXGroup;
			children = (
				4C483455251C81CC0053F949 /* AppDelegate.h */,
				4C483456251C81CC0053F949 /* AppDelegate.m */,
				4C483458251C81CC0053F949 /* SceneDelegate.h */,
				4C483459251C81CC0053F949 /* SceneDelegate.m */,
				4C48345B251C81CC0053F949 /* ViewController.h */,
				4C48345C251C81CC0053F949 /* ViewController.m */,
				4C1A71D12520C1F2009E908A /* STAsynchronousOperation.h */,
				4C1A71D22520C1F2009E908A /* STAsynchronousOperation.m */,
				4C48345E251C81CC0053F949 /* Main.storyboard */,
				4C483461251C81CE0053F949 /* Assets.xcassets */,
				4C483463251C81CE0053F949 /* LaunchScreen.storyboard */,
				4C483466251C81CE0053F949 /* Info.plist */,
				4C483467251C81CE0053F949 /* main.m */,
			);
			path = NSOperation;
			sourceTree = "<group>";
		};
/* End PBXGroup section */

/* Begin PBXNativeTarget section */
		4C483451251C81CC0053F949 /* NSOperation */ = {
			isa = PBXNativeTarget;
			buildConfigurationList = 4C48346B251C81CE0053F949 /* Build configuration list for PBXNativeTarget "NSOperation" */;
			buildPhases = (
				4C48344E251C81CC0053F949 /* Sources */,
				4C48344F251C81CC0053F949 /* Frameworks */,
				4C483450251C81CC0053F949 /* Resources */,
			);
			buildRules = (
			);
			dependencies = (
			);
			name = NSOperation;
			productName = NSOperation;
			productReference = 4C483452251C81CC0053F949 /* NSOperation.app */;
			productType = "com.apple.product-type.application";
		};
/* End PBXNativeTarget section */

/* Begin PBXProject section */
		4C48344A251C81CC0053F949 /* Project object */ = {
			isa = PBXProject;
			attributes = {
				LastUpgradeCheck = 1200;
				TargetAttributes = {
					4C483451251C81CC0053F949 = {
						CreatedOnToolsVersion = 12.0;
					};
				};
			};
			buildConfigurationList = 4C48344D251C81CC0053F949 /* Build configuration list for PBXProject "NSOperation" */;
			compatibilityVersion = "Xcode 9.3";
			developmentRegion = en;
			hasScannedForEncodings = 0;
			knownRegions = (
				en,
				Base,
			);
			mainGroup = 4C483449251C81CC0053F949;
			productRefGroup = 4C483453251C81CC0053F949 /* Products */;
			projectDirPath = "";
			projectRoot = "";
			targets = (
				4C483451251C81CC0053F949 /* NSOperation */,
			);
		};
/* End PBXProject section */

/* Begin PBXResourcesBuildPhase section */
		4C483450251C81CC0053F949 /* Resources */ = {
			isa = PBXResourcesBuildPhase;
			buildActionMask = 2147483647;
			files = (
				4C483465251C81CE0053F949 /* LaunchScreen.storyboard in Resources */,
				4C483462251C81CE0053F949 /* Assets.xcassets in Resources */,
				4C483460251C81CC0053F949 /* Main.storyboard in Resources */,
			);
			runOnlyForDeploymentPostprocessing = 0;
		};
/* End PBXResourcesBuildPhase section */

/* Begin PBXSourcesBuildPhase section */
		4C48344E251C81CC0053F949 /* Sources */ = {
			isa = PBXSourcesBuildPhase;
			buildActionMask = 2147483647;
			files = (
				4C48345D251C81CC0053F949 /* ViewController.m in Sources */,
				4C483457251C81CC0053F949 /* AppDelegate.m in Sources */,
				4C1A71D32520C1F2009E908A /* STAsynchronousOperation.m in Sources */,
				4C483468251C81CE0053F949 /* main.m in Sources */,
				4C48345A251C81CC0053F949 /* SceneDelegate.m in Sources */,
			);
			runOnlyForDeploymentPostprocessing = 0;
		};
/* End PBXSourcesBuildPhase section */

/* Begin PBXVariantGroup section */
		4C48345E251C81CC0053F949 /* Main.storyboard */ = {
			isa = PBXVariantGroup;
			children = (
				4C48345F251C81CC0053F949 /* Base */,
			);
			name = Main.storyboard;
			sourceTree = "<group>";
		};
		4C483463251C81CE0053F949 /* LaunchScreen.storyboard */ = {
			isa = PBXVariantGroup;
			children = (
				4C483464251C81CE0053F949 /* Base */,
			);
			name = LaunchScreen.storyboard;
			sourceTree = "<group>";
		};
/* End PBXVariantGroup section */

/* Begin XCBuildConfiguration section */
		4C483469251C81CE0053F949 /* Debug */ = {
			isa = XCBuildConfiguration;
			buildSettings = {
				ALWAYS_SEARCH_USER_PATHS = NO;
				CLANG_ANALYZER_NONNULL = YES;
				CLANG_ANALYZER_NUMBER_OBJECT_CONVERSION = YES_AGGRESSIVE;
				CLANG_CXX_LANGUAGE_STANDARD = "gnu++14";
				CLANG_CXX_LIBRARY = "libc++";
				CLANG_ENABLE_MODULES = YES;
				CLANG_ENABLE_OBJC_ARC = YES;
				CLANG_ENABLE_OBJC_WEAK = YES;
				CLANG_WARN_BLOCK_CAPTURE_AUTORELEASING = YES;
				CLANG_WARN_BOOL_CONVERSION = YES;
				CLANG_WARN_COMMA = YES;
				CLANG_WARN_CONSTANT_CONVERSION = YES;
				CLANG_WARN_DEPRECATED_OBJC_IMPLEMENTATIONS = YES;
				CLANG_WARN_DIRECT_OBJC_ISA_USAGE = YES_ERROR;
				CLANG_WARN_DOCUMENTATION_COMMENTS = YES;
				CLANG_WARN_EMPTY_BODY = YES;
				CLANG_WARN_ENUM_CONVERSION = YES;
				CLANG_WARN_INFINITE_RECURSION = YES;
				CLANG_WARN_INT_CONVERSION = YES;
				CLANG_WARN_NON_LITERAL_NULL_CONVERSION = YES;
				CLANG_WARN_OBJC_IMPLICIT_RETAIN_SELF = YES;
				CLANG_WARN_OBJC_LITERAL_CONVERSION = YES;
				CLANG_WARN_OBJC_ROOT_CLASS = YES_ERROR;
				CLANG_WARN_QUOTED_INCLUDE_IN_FRAMEWORK_HEADER = YES;
				CLANG_WARN_RANGE_LOOP_ANALYSIS = YES;
				CLANG_WARN_STRICT_PROTOTYPES = YES;
				CLANG_WARN_SUSPICIOUS_MOVE = YES;
				CLANG_WARN_UNGUARDED_AVAILABILITY = YES_AGGRESSIVE;
				CLANG_WARN_UNREACHABLE_CODE = YES;
				CLANG_WARN__DUPLICATE_METHOD_MATCH = YES;
				COPY_PHASE_STRIP = NO;
				DEBUG_INFORMATION_FORMAT = dwarf;
				ENABLE_STRICT_OBJC_MSGSEND = YES;
				ENABLE_TESTABILITY = YES;
				GCC_C_LANGUAGE_STANDARD = gnu11;
				GCC_DYNAMIC_NO_PIC = NO;
				GCC_NO_COMMON_BLOCKS = YES;
				GCC_OPTIMIZATION_LEVEL = 0;
				GCC_PREPROCESSOR_DEFINITIONS = (
					"DEBUG=1",
					"$(inherited)",
				);
				GCC_WARN_64_TO_32_BIT_CONVERSION = YES;
				GCC_WARN_ABOUT_RETURN_TYPE = YES_ERROR;
				GCC_WARN_UNDECLARED_SELECTOR = YES;
				GCC_WARN_UNINITIALIZED_AUTOS = YES_AGGRESSIVE;
				GCC_WARN_UNUSED_FUNCTION = YES;
				GCC_WARN_UNUSED_VARIABLE = YES;
				IPHONEOS_DEPLOYMENT_TARGET = 14.0;
				MTL_ENABLE_DEBUG_INFO = INCLUDE_SOURCE;
				MTL_FAST_MATH = YES;
				ONLY_ACTIVE_ARCH = YES;
				SDKROOT = iphoneos;
			};
			name = Debug;
		};
		4C48346A251C81CE0053F949 /* Release */ = {
			isa = XCBuildConfiguration;
			buildSettings = {
				ALWAYS_SEARCH_USER_PATHS = NO;
				CLANG_ANALYZER_NONNULL = YES;
				CLANG_ANALYZER_NUMBER_OBJECT_CONVERSION = YES_AGGRESSIVE;
				CLANG_CXX_LANGUAGE_STANDARD = "gnu++14";
				CLANG_CXX_LIBRARY = "libc++";
				CLANG_ENABLE_MODULES = YES;
				CLANG_ENABLE_OBJC_ARC = YES;
				CLANG_ENABLE_OBJC_WEAK = YES;
				CLANG_WARN_BLOCK_CAPTURE_AUTORELEASING = YES;
				CLANG_WARN_BOOL_CONVERSION = YES;
				CLANG_WARN_COMMA = YES;
				CLANG_WARN_CONSTANT_CONVERSION = YES;
				CLANG_WARN_DEPRECATED_OBJC_IMPLEMENTATIONS = YES;
				CLANG_WARN_DIRECT_OBJC_ISA_USAGE = YES_ERROR;
				CLANG_WARN_DOCUMENTATION_COMMENTS = YES;
				CLANG_WARN_EMPTY_BODY = YES;
				CLANG_WARN_ENUM_CONVERSION = YES;
				CLANG_WARN_INFINITE_RECURSION = YES;
				CLANG_WARN_INT_CONVERSION = YES;
				CLANG_WARN_NON_LITERAL_NULL_CONVERSION = YES;
				CLANG_WARN_OBJC_IMPLICIT_RETAIN_SELF = YES;
				CLANG_WARN_OBJC_LITERAL_CONVERSION = YES;
				CLANG_WARN_OBJC_ROOT_CLASS = YES_ERROR;
				CLANG_WARN_QUOTED_INCLUDE_IN_FRAMEWORK_HEADER = YES;
				CLANG_WARN_RANGE_LOOP_ANALYSIS = YES;
				CLANG_WARN_STRICT_PROTOTYPES = YES;
				CLANG_WARN_SUSPICIOUS_MOVE = YES;
				CLANG_WARN_UNGUARDED_AVAILABILITY = YES_AGGRESSIVE;
				CLANG_WARN_UNREACHABLE_CODE = YES;
				CLANG_WARN__DUPLICATE_METHOD_MATCH = YES;
				COPY_PHASE_STRIP = NO;
				DEBUG_INFORMATION_FORMAT = "dwarf-with-dsym";
				ENABLE_NS_ASSERTIONS = NO;
				ENABLE_STRICT_OBJC_MSGSEND = YES;
				GCC_C_LANGUAGE_STANDARD = gnu11;
				GCC_NO_COMMON_BLOCKS = YES;
				GCC_WARN_64_TO_32_BIT_CONVERSION = YES;
				GCC_WARN_ABOUT_RETURN_TYPE = YES_ERROR;
				GCC_WARN_UNDECLARED_SELECTOR = YES;
				GCC_WARN_UNINITIALIZED_AUTOS = YES_AGGRESSIVE;
				GCC_WARN_UNUSED_FUNCTION = YES;
				GCC_WARN_UNUSED_VARIABLE = YES;
				IPHONEOS_DEPLOYMENT_TARGET = 14.0;
				MTL_ENABLE_DEBUG_INFO = NO;
				MTL_FAST_MATH = YES;
				SDKROOT = iphoneos;
				VALIDATE_PRODUCT = YES;
			};
			name = Release;
		};
		4C48346C251C81CE0053F949 /* Debug */ = {
			isa = XCBuildConfiguration;
			buildSettings = {
				ASSETCATALOG_COMPILER_APPICON_NAME = AppIcon;
				ASSETCATALOG_COMPILER_GLOBAL_ACCENT_COLOR_NAME = AccentColor;
				CODE_SIGN_STYLE = Automatic;
				INFOPLIST_FILE = NSOperation/Info.plist;
				LD_RUNPATH_SEARCH_PATHS = (
					"$(inherited)",
					"@executable_path/Frameworks",
				);
				PRODUCT_BUNDLE_IDENTIFIER = stone.com.NSOperation;
				PRODUCT_NAME = "$(TARGET_NAME)";
				TARGETED_DEVICE_FAMILY = "1,2";
			};
			name = Debug;
		};
		4C48346D251C81CE0053F949 /* Release */ = {
			isa = XCBuildConfiguration;
			buildSettings = {
				ASSETCATALOG_COMPILER_APPICON_NAME = AppIcon;
				ASSETCATALOG_COMPILER_GLOBAL_ACCENT_COLOR_NAME = AccentColor;
				CODE_SIGN_STYLE = Automatic;
				INFOPLIST_FILE = NSOperation/Info.plist;
				LD_RUNPATH_SEARCH_PATHS = (
					"$(inherited)",
					"@executable_path/Frameworks",
				);
				PRODUCT_BUNDLE_IDENTIFIER = stone.com.NSOperation;
				PRODUCT_NAME = "$(TARGET_NAME)";
				TARGETED_DEVICE_FAMILY = "1,2";
			};
			name = Release;
		};
/* End XCBuildConfiguration section */

/* Begin XCConfigurationList section */
		4C48344D251C81CC0053F949 /* Build configuration list for PBXProject "NSOperation" */ = {
			isa = XCConfigurationList;
			buildConfigurations = (
				4C483469251C81CE0053F949 /* Debug */,
				4C48346A251C81CE0053F949 /* Release */,
			);
			defaultConfigurationIsVisible = 0;
			defaultConfigurationName = Release;
		};
		4C48346B251C81CE0053F949 /* Build configuration list for PBXNativeTarget "NSOperation" */ = {
			isa = XCConfigurationList;
			buildConfigurations = (
				4C48346C251C81CE0053F949 /* Debug */,
				4C48346D251C81CE0053F949 /* Release */,
			);
			defaultConfigurationIsVisible = 0;
			defaultConfigurationName = Release;
		};
/* End XCConfigurationList section */
	};
	rootObject = 4C48344A251C81CC0053F949 /* Project object */;
}
